
Microsoft Visual Studio Solution File, Format Version 11.00
# Visual Studio 2010
# SharpDevelop 5.0
Project("{FAE04EC0-301F-11D3-BF4B-00C04F79EFBC}") = "Verse", "Verse\Verse.csproj", "{893A0620-914F-4A39-B20F-323BD0ED5969}"
EndProject
Project("{FAE04EC0-301F-11D3-BF4B-00C04F79EFBC}") = "Verse.Bench", "Verse.Bench\Verse.Bench.csproj", "{6426AAB6-DC87-42D1-8919-73B185522797}"
EndProject
Project("{FAE04EC0-301F-11D3-BF4B-00C04F79EFBC}") = "Verse.Test", "Verse.Test\Verse.Test.csproj", "{97DFC44F-DACF-489C-910E-0827F68A8F30}"
EndProject
Global
	GlobalSection(SolutionConfigurationPlatforms) = preSolution
		Debug|Any CPU = Debug|Any CPU
		Debug|x86 = Debug|x86
		Release|Any CPU = Release|Any CPU
		Release|x86 = Release|x86
	EndGlobalSection
	GlobalSection(ProjectConfigurationPlatforms) = postSolution
		{893A0620-914F-4A39-B20F-323BD0ED5969}.Debug|Any CPU.ActiveCfg = Debug|Any CPU
		{893A0620-914F-4A39-B20F-323BD0ED5969}.Debug|Any CPU.Build.0 = Debug|Any CPU
		{893A0620-914F-4A39-B20F-323BD0ED5969}.Debug|x86.ActiveCfg = Debug|x86
		{893A0620-914F-4A39-B20F-323BD0ED5969}.Debug|x86.Build.0 = Debug|x86
		{893A0620-914F-4A39-B20F-323BD0ED5969}.Release|Any CPU.ActiveCfg = Release|Any CPU
		{893A0620-914F-4A39-B20F-323BD0ED5969}.Release|Any CPU.Build.0 = Release|Any CPU
		{893A0620-914F-4A39-B20F-323BD0ED5969}.Release|x86.ActiveCfg = Release|x86
		{893A0620-914F-4A39-B20F-323BD0ED5969}.Release|x86.Build.0 = Release|x86
		{6426AAB6-DC87-42D1-8919-73B185522797}.Debug|Any CPU.ActiveCfg = Debug|Any CPU
		{6426AAB6-DC87-42D1-8919-73B185522797}.Debug|Any CPU.Build.0 = Debug|Any CPU
		{6426AAB6-DC87-42D1-8919-73B185522797}.Debug|x86.ActiveCfg = Debug|x86
		{6426AAB6-DC87-42D1-8919-73B185522797}.Debug|x86.Build.0 = Debug|x86
		{6426AAB6-DC87-42D1-8919-73B185522797}.Release|Any CPU.ActiveCfg = Release|Any CPU
		{6426AAB6-DC87-42D1-8919-73B185522797}.Release|Any CPU.Build.0 = Release|Any CPU
		{6426AAB6-DC87-42D1-8919-73B185522797}.Release|x86.ActiveCfg = Release|x86
		{6426AAB6-DC87-42D1-8919-73B185522797}.Release|x86.Build.0 = Release|x86
		{97DFC44F-DACF-489C-910E-0827F68A8F30}.Debug|Any CPU.ActiveCfg = Debug|Any CPU
		{97DFC44F-DACF-489C-910E-0827F68A8F30}.Debug|Any CPU.Build.0 = Debug|Any CPU
		{97DFC44F-DACF-489C-910E-0827F68A8F30}.Debug|x86.ActiveCfg = Debug|x86
		{97DFC44F-DACF-489C-910E-0827F68A8F30}.Debug|x86.Build.0 = Debug|x86
		{97DFC44F-DACF-489C-910E-0827F68A8F30}.Release|Any CPU.ActiveCfg = Release|Any CPU
		{97DFC44F-DACF-489C-910E-0827F68A8F30}.Release|Any CPU.Build.0 = Release|Any CPU
		{97DFC44F-DACF-489C-910E-0827F68A8F30}.Release|x86.ActiveCfg = Release|x86
		{97DFC44F-DACF-489C-910E-0827F68A8F30}.Release|x86.Build.0 = Release|x86
	EndGlobalSection
EndGlobal
